<?xml version="1.0" encoding="utf-8"?>
<Project ToolsVersion="4.0" xmlns="http://schemas.microsoft.com/developer/msbuild/2003">
  <ItemGroup>
    <Filter Include="third-party">
      <UniqueIdentifier>{efd66821-3742-46ed-9a1e-57bbe23ad692}</UniqueIdentifier>
    </Filter>
    <Filter Include="third-party\kiss-fft">
      <UniqueIdentifier>{a630496b-de92-4660-b76b-e9fe2a840309}</UniqueIdentifier>
    </Filter>
    <Filter Include="third-party\kiss-fft\src">
      <UniqueIdentifier>{92da8cf3-e39a-427a-9f66-76519e742891}</UniqueIdentifier>
    </Filter>
    <Filter Include="third-party\kiss-fft\include">
      <UniqueIdentifier>{706d6669-3a76-4bea-8b03-6baf0bbdb579}</UniqueIdentifier>
    </Filter>
  </ItemGroup>
  <ItemGroup>
    <ClCompile Include="third-party\kissfft\src\kiss_fft.cpp">
      <Filter>third-party\kiss-fft\src</Filter>
    </ClCompile>
    <ClCompile Include="third-party\kissfft\src\kiss_fftr.cpp">
      <Filter>third-party\kiss-fft\src</Filter>
    </ClCompile>
  </ItemGroup>
  <ItemGroup>
    <ClInclude Include="third-party\kissfft\kiss_fft.hpp">
      <Filter>third-party\kiss-fft\include</Filter>
    </ClInclude>
    <ClInclude Include="third-party\kissfft\kiss_fftr.hpp">
      <Filter>third-party\kiss-fft\include</Filter>
    </ClInclude>
    <ClInclude Include="third-party\kissfft\kissfft.hpp">
      <Filter>third-party\kiss-fft\include</Filter>
    </ClInclude>
  </ItemGroup>
</Project>